
Microsoft Visual Studio Solution File, Format Version 12.00
# Visual Studio 14
VisualStudioVersion = 14.0.24720.0
MinimumVisualStudioVersion = 10.0.40219.1
Project("{F2A71F9B-5D33-465A-A702-920D77279786}") = "FSharpCommandPattern.Web", "FSharpCommandPattern.Web\FSharpCommandPattern.Web.fsproj", "{EF7377F8-9145-4366-86E8-8541166F943D}"
EndProject
Project("{F2A71F9B-5D33-465A-A702-920D77279786}") = "FSharpCommandPattern.Domain", "FSharpCommandPattern.Domain\FSharpCommandPattern.Domain.fsproj", "{63EDC6A4-C91A-47F8-9629-52C2568A8F00}"
EndProject
Global
	GlobalSection(SolutionConfigurationPlatforms) = preSolution
		Debug|Any CPU = Debug|Any CPU
		Release|Any CPU = Release|Any CPU
	EndGlobalSection
	GlobalSection(ProjectConfigurationPlatforms) = postSolution
		{EF7377F8-9145-4366-86E8-8541166F943D}.Debug|Any CPU.ActiveCfg = Debug|Any CPU
		{EF7377F8-9145-4366-86E8-8541166F943D}.Debug|Any CPU.Build.0 = Debug|Any CPU
		{EF7377F8-9145-4366-86E8-8541166F943D}.Release|Any CPU.ActiveCfg = Release|Any CPU
		{EF7377F8-9145-4366-86E8-8541166F943D}.Release|Any CPU.Build.0 = Release|Any CPU
		{63EDC6A4-C91A-47F8-9629-52C2568A8F00}.Debug|Any CPU.ActiveCfg = Debug|Any CPU
		{63EDC6A4-C91A-47F8-9629-52C2568A8F00}.Debug|Any CPU.Build.0 = Debug|Any CPU
		{63EDC6A4-C91A-47F8-9629-52C2568A8F00}.Release|Any CPU.ActiveCfg = Release|Any CPU
		{63EDC6A4-C91A-47F8-9629-52C2568A8F00}.Release|Any CPU.Build.0 = Release|Any CPU
	EndGlobalSection
	GlobalSection(SolutionProperties) = preSolution
		HideSolutionNode = FALSE
	EndGlobalSection
EndGlobal
